
Microsoft Visual Studio Solution File, Format Version 12.00
# Visual Studio 14
VisualStudioVersion = 14.0.25420.1
MinimumVisualStudioVersion = 10.0.40219.1
Project("{FAE04EC0-301F-11D3-BF4B-00C04F79EFBC}") = "TextEditor", "TextEditor\TextEditor.csproj", "{5ABBC957-C7F3-4329-B8FA-B2E4518E4978}"
EndProject
Project("{FAE04EC0-301F-11D3-BF4B-00C04F79EFBC}") = "TextEditor.BL", "TextEditor.BL\TextEditor.BL.csproj", "{454BB867-7A02-49C5-BF36-9192928C62CD}"
EndProject
Global
	GlobalSection(SolutionConfigurationPlatforms) = preSolution
		Debug|Any CPU = Debug|Any CPU
		Release|Any CPU = Release|Any CPU
	EndGlobalSection
	GlobalSection(ProjectConfigurationPlatforms) = postSolution
		{5ABBC957-C7F3-4329-B8FA-B2E4518E4978}.Debug|Any CPU.ActiveCfg = Debug|Any CPU
		{5ABBC957-C7F3-4329-B8FA-B2E4518E4978}.Debug|Any CPU.Build.0 = Debug|Any CPU
		{5ABBC957-C7F3-4329-B8FA-B2E4518E4978}.Release|Any CPU.ActiveCfg = Release|Any CPU
		{5ABBC957-C7F3-4329-B8FA-B2E4518E4978}.Release|Any CPU.Build.0 = Release|Any CPU
		{454BB867-7A02-49C5-BF36-9192928C62CD}.Debug|Any CPU.ActiveCfg = Debug|Any CPU
		{454BB867-7A02-49C5-BF36-9192928C62CD}.Debug|Any CPU.Build.0 = Debug|Any CPU
		{454BB867-7A02-49C5-BF36-9192928C62CD}.Release|Any CPU.ActiveCfg = Release|Any CPU
		{454BB867-7A02-49C5-BF36-9192928C62CD}.Release|Any CPU.Build.0 = Release|Any CPU
	EndGlobalSection
	GlobalSection(SolutionProperties) = preSolution
		HideSolutionNode = FALSE
	EndGlobalSection
EndGlobal
